version = 1
revision = 3
requires-python = ">=3.14"
resolution-markers = [
    "sys_platform == 'win32'",
    "sys_platform == 'emscripten'",
    "sys_platform != 'emscripten' and sys_platform != 'win32'",
]

[[package]]
name = "beautifulsoup4"
version = "4.14.3"
source = { registry = "http://mirrors.aliyun.com/pypi/simple/" }
dependencies = [
    { name = "soupsieve" },
    { name = "typing-extensions" },
]
sdist = { url = "http://mirrors.aliyun.com/pypi/packages/c3/b0/1c6a16426d389813b48d95e26898aff79abbde42ad353958ad95cc8c9b21/beautifulsoup4-4.14.3.tar.gz", hash = "sha256:6292b1c5186d356bba669ef9f7f051757099565ad9ada5dd630bd9de5fa7fb86" }
wheels = [
    { url = "http://mirrors.aliyun.com/pypi/packages/1a/39/47f9197bdd44df24d67ac8893641e16f386c984a0619ef2ee4c51fbbc019/beautifulsoup4-4.14.3-py3-none-any.whl", hash = "sha256:0918bfe44902e6ad8d57732ba310582e98da931428d231a5ecb9e7c703a735bb" },
]

[[package]]
name = "bs4"
version = "0.0.2"
source = { registry = "http://mirrors.aliyun.com/pypi/simple/" }
dependencies = [
    { name = "beautifulsoup4" },
]
sdist = { url = "http://mirrors.aliyun.com/pypi/packages/c9/aa/4acaf814ff901145da37332e05bb510452ebed97bc9602695059dd46ef39/bs4-0.0.2.tar.gz", hash = "sha256:a48685c58f50fe127722417bae83fe6badf500d54b55f7e39ffe43b798653925" }
wheels = [
    { url = "http://mirrors.aliyun.com/pypi/packages/51/bb/bf7aab772a159614954d84aa832c129624ba6c32faa559dfb200a534e50b/bs4-0.0.2-py2.py3-none-any.whl", hash = "sha256:abf8742c0805ef7f662dce4b51cca104cffe52b835238afc169142ab9b3fbccc" },
]

[[package]]
name = "certifi"
version = "2026.2.25"
source = { registry = "http://mirrors.aliyun.com/pypi/simple/" }
sdist = { url = "http://mirrors.aliyun.com/pypi/packages/af/2d/7bf41579a8986e348fa033a31cdd0e4121114f6bce2457e8876010b092dd/certifi-2026.2.25.tar.gz", hash = "sha256:e887ab5cee78ea814d3472169153c2d12cd43b14bd03329a39a9c6e2e80bfba7" }
wheels = [
    { url = "http://mirrors.aliyun.com/pypi/packages/9a/3c/c17fb3ca2d9c3acff52e30b309f538586f9f5b9c9cf454f3845fc9af4881/certifi-2026.2.25-py3-none-any.whl", hash = "sha256:027692e4402ad994f1c42e52a4997a9763c646b73e4096e4d5d6db8af1d6f0fa" },
]

[[package]]
name = "charset-normalizer"
version = "3.4.5"
source = { registry = "http://mirrors.aliyun.com/pypi/simple/" }
sdist = { url = "http://mirrors.aliyun.com/pypi/packages/1d/35/02daf95b9cd686320bb622eb148792655c9412dbb9b67abb5694e5910a24/charset_normalizer-3.4.5.tar.gz", hash = "sha256:95adae7b6c42a6c5b5b559b1a99149f090a57128155daeea91732c8d970d8644" }
wheels = [
    { url = "http://mirrors.aliyun.com/pypi/packages/43/be/0f0fd9bb4a7fa4fb5067fb7d9ac693d4e928d306f80a0d02bde43a7c4aee/charset_normalizer-3.4.5-cp314-cp314-macosx_10_15_universal2.whl", hash = "sha256:8197abe5ca1ffb7d91e78360f915eef5addff270f8a71c1fc5be24a56f3e4873" },
    { url = "http://mirrors.aliyun.com/pypi/packages/28/02/983b5445e4bef49cd8c9da73a8e029f0825f39b74a06d201bfaa2e55142a/charset_normalizer-3.4.5-cp314-cp314-manylinux2014_aarch64.manylinux_2_17_aarch64.manylinux_2_28_aarch64.whl", hash = "sha256:a2aecdb364b8a1802afdc7f9327d55dad5366bc97d8502d0f5854e50712dbc5f" },
    { url = "http://mirrors.aliyun.com/pypi/packages/d0/88/152745c5166437687028027dc080e2daed6fe11cfa95a22f4602591c42db/charset_normalizer-3.4.5-cp314-cp314-manylinux2014_ppc64le.manylinux_2_17_ppc64le.manylinux_2_28_ppc64le.whl", hash = "sha256:a66aa5022bf81ab4b1bebfb009db4fd68e0c6d4307a1ce5ef6a26e5878dfc9e4" },
    { url = "http://mirrors.aliyun.com/pypi/packages/cb/0f/ebc15c8b02af2f19be9678d6eed115feeeccc45ce1f4b098d986c13e8769/charset_normalizer-3.4.5-cp314-cp314-manylinux2014_s390x.manylinux_2_17_s390x.manylinux_2_28_s390x.whl", hash = "sha256:d77f97e515688bd615c1d1f795d540f32542d514242067adcb8ef532504cb9ee" },
    { url = "http://mirrors.aliyun.com/pypi/packages/38/9c/71336bff6934418dc8d1e8a1644176ac9088068bc571da612767619c97b3/charset_normalizer-3.4.5-cp314-cp314-manylinux2014_x86_64.manylinux_2_17_x86_64.manylinux_2_28_x86_64.whl", hash = "sha256:01a1ed54b953303ca7e310fafe0fe347aab348bd81834a0bcd602eb538f89d66" },
    { url = "http://mirrors.aliyun.com/pypi/packages/b7/95/ce92fde4f98615661871bc282a856cf9b8a15f686ba0af012984660d480b/charset_normalizer-3.4.5-cp314-cp314-manylinux_2_31_armv7l.whl", hash = "sha256:b2d37d78297b39a9eb9eb92c0f6df98c706467282055419df141389b23f93362" },
    { url = "http://mirrors.aliyun.com/pypi/packages/1c/e7/f5b4588d94e747ce45ae680f0f242bc2d98dbd4eccfab73e6160b6893893/charset_normalizer-3.4.5-cp314-cp314-manylinux_2_31_riscv64.manylinux_2_39_riscv64.whl", hash = "sha256:e71bbb595973622b817c042bd943c3f3667e9c9983ce3d205f973f486fec98a7" },
    { url = "http://mirrors.aliyun.com/pypi/packages/f9/29/9d94ed6b929bf9f48bf6ede6e7474576499f07c4c5e878fb186083622716/charset_normalizer-3.4.5-cp314-cp314-musllinux_1_2_aarch64.whl", hash = "sha256:4cd966c2559f501c6fd69294d082c2934c8dd4719deb32c22961a5ac6db0df1d" },
    { url = "http://mirrors.aliyun.com/pypi/packages/15/d2/1a093a1cf827957f9445f2fe7298bcc16f8fc5e05c1ed2ad1af0b239035e/charset_normalizer-3.4.5-cp314-cp314-musllinux_1_2_armv7l.whl", hash = "sha256:d5e52d127045d6ae01a1e821acfad2f3a1866c54d0e837828538fabe8d9d1bd6" },
    { url = "http://mirrors.aliyun.com/pypi/packages/0f/7d/82068ce16bd36135df7b97f6333c5d808b94e01d4599a682e2337ed5fd14/charset_normalizer-3.4.5-cp314-cp314-musllinux_1_2_ppc64le.whl", hash = "sha256:30a2b1a48478c3428d047ed9690d57c23038dac838a87ad624c85c0a78ebeb39" },
    { url = "http://mirrors.aliyun.com/pypi/packages/84/4e/4dfb52307bb6af4a5c9e73e482d171b81d36f522b21ccd28a49656baa680/charset_normalizer-3.4.5-cp314-cp314-musllinux_1_2_riscv64.whl", hash = "sha256:d8ed79b8f6372ca4254955005830fd61c1ccdd8c0fac6603e2c145c61dd95db6" },
    { url = "http://mirrors.aliyun.com/pypi/packages/08/a4/159ff7da662cf7201502ca89980b8f06acf3e887b278956646a8aeb178ab/charset_normalizer-3.4.5-cp314-cp314-musllinux_1_2_s390x.whl", hash = "sha256:c5af897b45fa606b12464ccbe0014bbf8c09191e0a66aab6aa9d5cf6e77e0c94" },
    { url = "http://mirrors.aliyun.com/pypi/packages/d6/62/0dd6172203cb6b429ffffc9935001fde42e5250d57f07b0c28c6046deb6b/charset_normalizer-3.4.5-cp314-cp314-musllinux_1_2_x86_64.whl", hash = "sha256:1088345bcc93c58d8d8f3d783eca4a6e7a7752bbff26c3eee7e73c597c191c2e" },
    { url = "http://mirrors.aliyun.com/pypi/packages/c7/5e/1aab5cb737039b9c59e63627dc8bbc0d02562a14f831cc450e5f91d84ce1/charset_normalizer-3.4.5-cp314-cp314-win32.whl", hash = "sha256:ee57b926940ba00bca7ba7041e665cc956e55ef482f851b9b65acb20d867e7a2" },
    { url = "http://mirrors.aliyun.com/pypi/packages/40/65/e7c6c77d7aaa4c0d7974f2e403e17f0ed2cb0fc135f77d686b916bf1eead/charset_normalizer-3.4.5-cp314-cp314-win_amd64.whl", hash = "sha256:4481e6da1830c8a1cc0b746b47f603b653dadb690bcd851d039ffaefe70533aa" },
    { url = "http://mirrors.aliyun.com/pypi/packages/ba/91/52b0841c71f152f563b8e072896c14e3d83b195c188b338d3cc2e582d1d4/charset_normalizer-3.4.5-cp314-cp314-win_arm64.whl", hash = "sha256:97ab7787092eb9b50fb47fa04f24c75b768a606af1bcba1957f07f128a7219e4" },
    { url = "http://mirrors.aliyun.com/pypi/packages/c5/60/3a621758945513adfd4db86827a5bafcc615f913dbd0b4c2ed64a65731be/charset_normalizer-3.4.5-py3-none-any.whl", hash = "sha256:9db5e3fcdcee89a78c04dffb3fe33c79f77bd741a624946db2591c81b2fc85b0" },
]

[[package]]
name = "et-xmlfile"
version = "2.0.0"
source = { registry = "http://mirrors.aliyun.com/pypi/simple/" }
sdist = { url = "http://mirrors.aliyun.com/pypi/packages/d3/38/af70d7ab1ae9d4da450eeec1fa3918940a5fafb9055e934af8d6eb0c2313/et_xmlfile-2.0.0.tar.gz", hash = "sha256:dab3f4764309081ce75662649be815c4c9081e88f0837825f90fd28317d4da54" }
wheels = [
    { url = "http://mirrors.aliyun.com/pypi/packages/c1/8b/5fe2cc11fee489817272089c4203e679c63b570a5aaeb18d852ae3cbba6a/et_xmlfile-2.0.0-py3-none-any.whl", hash = "sha256:7a91720bc756843502c3b7504c77b8fe44217c85c537d85037f0f536151b2caa" },
]

[[package]]
name = "html2image"
version = "2.0.7"
source = { registry = "http://mirrors.aliyun.com/pypi/simple/" }
dependencies = [
    { name = "requests" },
    { name = "websocket-client" },
]
sdist = { url = "http://mirrors.aliyun.com/pypi/packages/ac/3a/74472f59c11d0667add3cbd8abea101e9756f6ffec3dce27a8eb62415f8b/html2image-2.0.7.tar.gz", hash = "sha256:8644fd424cff2805977f4583f965b0235733f9eb08569e4c02f6befe6e7fafcc" }
wheels = [
    { url = "http://mirrors.aliyun.com/pypi/packages/52/ee/967dd1f3ee63c56288ddcb6ceccecf0ce7e0a2fb0fb519c4e4013d7333e5/html2image-2.0.7-py3-none-any.whl", hash = "sha256:1806df797e8320ba3246f45149e7034314911be6a285787cbff3edf5bbe9de40" },
]

[[package]]
name = "idna"
version = "3.11"
source = { registry = "http://mirrors.aliyun.com/pypi/simple/" }
sdist = { url = "http://mirrors.aliyun.com/pypi/packages/6f/6d/0703ccc57f3a7233505399edb88de3cbd678da106337b9fcde432b65ed60/idna-3.11.tar.gz", hash = "sha256:795dafcc9c04ed0c1fb032c2aa73654d8e8c5023a7df64a53f39190ada629902" }
wheels = [
    { url = "http://mirrors.aliyun.com/pypi/packages/0e/61/66938bbb5fc52dbdf84594873d5b51fb1f7c7794e9c0f5bd885f30bc507b/idna-3.11-py3-none-any.whl", hash = "sha256:771a87f49d9defaf64091e6e6fe9c18d4833f140bd19464795bc32d966ca37ea" },
]

[[package]]
name = "jinja2"
version = "3.1.6"
source = { registry = "http://mirrors.aliyun.com/pypi/simple/" }
dependencies = [
    { name = "markupsafe" },
]
sdist = { url = "http://mirrors.aliyun.com/pypi/packages/df/bf/f7da0350254c0ed7c72f3e33cef02e048281fec7ecec5f032d4aac52226b/jinja2-3.1.6.tar.gz", hash = "sha256:0137fb05990d35f1275a587e9aee6d56da821fc83491a0fb838183be43f66d6d" }
wheels = [
    { url = "http://mirrors.aliyun.com/pypi/packages/62/a1/3d680cbfd5f4b8f15abc1d571870c5fc3e594bb582bc3b64ea099db13e56/jinja2-3.1.6-py3-none-any.whl", hash = "sha256:85ece4451f492d0c13c5dd7c13a64681a86afae63a5f347908daf103ce6d2f67" },
]

[[package]]
name = "markupsafe"
version = "3.0.3"
source = { registry = "http://mirrors.aliyun.com/pypi/simple/" }
sdist = { url = "http://mirrors.aliyun.com/pypi/packages/7e/99/7690b6d4034fffd95959cbe0c02de8deb3098cc577c67bb6a24fe5d7caa7/markupsafe-3.0.3.tar.gz", hash = "sha256:722695808f4b6457b320fdc131280796bdceb04ab50fe1795cd540799ebe1698" }
wheels = [
    { url = "http://mirrors.aliyun.com/pypi/packages/33/8a/8e42d4838cd89b7dde187011e97fe6c3af66d8c044997d2183fbd6d31352/markupsafe-3.0.3-cp314-cp314-macosx_10_13_x86_64.whl", hash = "sha256:eaa9599de571d72e2daf60164784109f19978b327a3910d3e9de8c97b5b70cfe" },
    { url = "http://mirrors.aliyun.com/pypi/packages/b5/64/7660f8a4a8e53c924d0fa05dc3a55c9cee10bbd82b11c5afb27d44b096ce/markupsafe-3.0.3-cp314-cp314-macosx_11_0_arm64.whl", hash = "sha256:c47a551199eb8eb2121d4f0f15ae0f923d31350ab9280078d1e5f12b249e0026" },
    { url = "http://mirrors.aliyun.com/pypi/packages/da/ef/e648bfd021127bef5fa12e1720ffed0c6cbb8310c8d9bea7266337ff06de/markupsafe-3.0.3-cp314-cp314-manylinux2014_aarch64.manylinux_2_17_aarch64.manylinux_2_28_aarch64.whl", hash = "sha256:f34c41761022dd093b4b6896d4810782ffbabe30f2d443ff5f083e0cbbb8c737" },
    { url = "http://mirrors.aliyun.com/pypi/packages/41/3c/a36c2450754618e62008bf7435ccb0f88053e07592e6028a34776213d877/markupsafe-3.0.3-cp314-cp314-manylinux2014_x86_64.manylinux_2_17_x86_64.manylinux_2_28_x86_64.whl", hash = "sha256:457a69a9577064c05a97c41f4e65148652db078a3a509039e64d3467b9e7ef97" },
    { url = "http://mirrors.aliyun.com/pypi/packages/bc/20/b7fdf89a8456b099837cd1dc21974632a02a999ec9bf7ca3e490aacd98e7/markupsafe-3.0.3-cp314-cp314-manylinux_2_31_riscv64.manylinux_2_39_riscv64.whl", hash = "sha256:e8afc3f2ccfa24215f8cb28dcf43f0113ac3c37c2f0f0806d8c70e4228c5cf4d" },
    { url = "http://mirrors.aliyun.com/pypi/packages/9a/a7/591f592afdc734f47db08a75793a55d7fbcc6902a723ae4cfbab61010cc5/markupsafe-3.0.3-cp314-cp314-musllinux_1_2_aarch64.whl", hash = "sha256:ec15a59cf5af7be74194f7ab02d0f59a62bdcf1a537677ce67a2537c9b87fcda" },
    { url = "http://mirrors.aliyun.com/pypi/packages/7d/33/45b24e4f44195b26521bc6f1a82197118f74df348556594bd2262bda1038/markupsafe-3.0.3-cp314-cp314-musllinux_1_2_riscv64.whl", hash = "sha256:0eb9ff8191e8498cca014656ae6b8d61f39da5f95b488805da4bb029cccbfbaf" },
    { url = "http://mirrors.aliyun.com/pypi/packages/ff/0e/53dfaca23a69fbfbbf17a4b64072090e70717344c52eaaaa9c5ddff1e5f0/markupsafe-3.0.3-cp314-cp314-musllinux_1_2_x86_64.whl", hash = "sha256:2713baf880df847f2bece4230d4d094280f4e67b1e813eec43b4c0e144a34ffe" },
    { url = "http://mirrors.aliyun.com/pypi/packages/46/11/f333a06fc16236d5238bfe74daccbca41459dcd8d1fa952e8fbd5dccfb70/markupsafe-3.0.3-cp314-cp314-win32.whl", hash = "sha256:729586769a26dbceff69f7a7dbbf59ab6572b99d94576a5592625d5b411576b9" },
    { url = "http://mirrors.aliyun.com/pypi/packages/28/52/182836104b33b444e400b14f797212f720cbc9ed6ba34c800639d154e821/markupsafe-3.0.3-cp314-cp314-win_amd64.whl", hash = "sha256:bdc919ead48f234740ad807933cdf545180bfbe9342c2bb451556db2ed958581" },
    { url = "http://mirrors.aliyun.com/pypi/packages/6f/18/acf23e91bd94fd7b3031558b1f013adfa21a8e407a3fdb32745538730382/markupsafe-3.0.3-cp314-cp314-win_arm64.whl", hash = "sha256:5a7d5dc5140555cf21a6fefbdbf8723f06fcd2f63ef108f2854de715e4422cb4" },
    { url = "http://mirrors.aliyun.com/pypi/packages/3c/f0/57689aa4076e1b43b15fdfa646b04653969d50cf30c32a102762be2485da/markupsafe-3.0.3-cp314-cp314t-macosx_10_13_x86_64.whl", hash = "sha256:1353ef0c1b138e1907ae78e2f6c63ff67501122006b0f9abad68fda5f4ffc6ab" },
    { url = "http://mirrors.aliyun.com/pypi/packages/89/c3/2e67a7ca217c6912985ec766c6393b636fb0c2344443ff9d91404dc4c79f/markupsafe-3.0.3-cp314-cp314t-macosx_11_0_arm64.whl", hash = "sha256:1085e7fbddd3be5f89cc898938f42c0b3c711fdcb37d75221de2666af647c175" },
    { url = "http://mirrors.aliyun.com/pypi/packages/f0/00/be561dce4e6ca66b15276e184ce4b8aec61fe83662cce2f7d72bd3249d28/markupsafe-3.0.3-cp314-cp314t-manylinux2014_aarch64.manylinux_2_17_aarch64.manylinux_2_28_aarch64.whl", hash = "sha256:1b52b4fb9df4eb9ae465f8d0c228a00624de2334f216f178a995ccdcf82c4634" },
    { url = "http://mirrors.aliyun.com/pypi/packages/50/09/c419f6f5a92e5fadde27efd190eca90f05e1261b10dbd8cbcb39cd8ea1dc/markupsafe-3.0.3-cp314-cp314t-manylinux2014_x86_64.manylinux_2_17_x86_64.manylinux_2_28_x86_64.whl", hash = "sha256:fed51ac40f757d41b7c48425901843666a6677e3e8eb0abcff09e4ba6e664f50" },
    { url = "http://mirrors.aliyun.com/pypi/packages/22/44/a0681611106e0b2921b3033fc19bc53323e0b50bc70cffdd19f7d679bb66/markupsafe-3.0.3-cp314-cp314t-manylinux_2_31_riscv64.manylinux_2_39_riscv64.whl", hash = "sha256:f190daf01f13c72eac4efd5c430a8de82489d9cff23c364c3ea822545032993e" },
    { url = "http://mirrors.aliyun.com/pypi/packages/5f/57/1b0b3f100259dc9fffe780cfb60d4be71375510e435efec3d116b6436d43/markupsafe-3.0.3-cp314-cp314t-musllinux_1_2_aarch64.whl", hash = "sha256:e56b7d45a839a697b5eb268c82a71bd8c7f6c94d6fd50c3d577fa39a9f1409f5" },
    { url = "http://mirrors.aliyun.com/pypi/packages/26/6a/4bf6d0c97c4920f1597cc14dd720705eca0bf7c787aebc6bb4d1bead5388/markupsafe-3.0.3-cp314-cp314t-musllinux_1_2_riscv64.whl", hash = "sha256:f3e98bb3798ead92273dc0e5fd0f31ade220f59a266ffd8a4f6065e0a3ce0523" },
    { url = "http://mirrors.aliyun.com/pypi/packages/14/c7/ca723101509b518797fedc2fdf79ba57f886b4aca8a7d31857ba3ee8281f/markupsafe-3.0.3-cp314-cp314t-musllinux_1_2_x86_64.whl", hash = "sha256:5678211cb9333a6468fb8d8be0305520aa073f50d17f089b5b4b477ea6e67fdc" },
    { url = "http://mirrors.aliyun.com/pypi/packages/fb/df/5bd7a48c256faecd1d36edc13133e51397e41b73bb77e1a69deab746ebac/markupsafe-3.0.3-cp314-cp314t-win32.whl", hash = "sha256:915c04ba3851909ce68ccc2b8e2cd691618c4dc4c4232fb7982bca3f41fd8c3d" },
    { url = "http://mirrors.aliyun.com/pypi/packages/1a/8a/0402ba61a2f16038b48b39bccca271134be00c5c9f0f623208399333c448/markupsafe-3.0.3-cp314-cp314t-win_amd64.whl", hash = "sha256:4faffd047e07c38848ce017e8725090413cd80cbc23d86e55c587bf979e579c9" },
    { url = "http://mirrors.aliyun.com/pypi/packages/70/bc/6f1c2f612465f5fa89b95bead1f44dcb607670fd42891d8fdcd5d039f4f4/markupsafe-3.0.3-cp314-cp314t-win_arm64.whl", hash = "sha256:32001d6a8fc98c8cb5c947787c5d08b0a50663d139f1305bac5885d98d9b40fa" },
]

[[package]]
name = "numpy"
version = "2.4.3"
source = { registry = "http://mirrors.aliyun.com/pypi/simple/" }
sdist = { url = "http://mirrors.aliyun.com/pypi/packages/10/8b/c265f4823726ab832de836cdd184d0986dcf94480f81e8739692a7ac7af2/numpy-2.4.3.tar.gz", hash = "sha256:483a201202b73495f00dbc83796c6ae63137a9bdade074f7648b3e32613412dd" }
wheels = [
    { url = "http://mirrors.aliyun.com/pypi/packages/70/ae/3936f79adebf8caf81bd7a599b90a561334a658be4dcc7b6329ebf4ee8de/numpy-2.4.3-cp314-cp314-macosx_10_15_x86_64.whl", hash = "sha256:5884ce5c7acfae1e4e1b6fde43797d10aa506074d25b531b4f54bde33c0c31d4" },
    { url = "http://mirrors.aliyun.com/pypi/packages/9b/62/760f2b55866b496bb1fa7da2a6db076bef908110e568b02fcfc1422e2a3a/numpy-2.4.3-cp314-cp314-macosx_11_0_arm64.whl", hash = "sha256:297837823f5bc572c5f9379b0c9f3a3365f08492cbdc33bcc3af174372ebb168" },
    { url = "http://mirrors.aliyun.com/pypi/packages/32/af/a7a39464e2c0a21526fb4fb76e346fb172ebc92f6d1c7a07c2c139cc17b1/numpy-2.4.3-cp314-cp314-macosx_14_0_arm64.whl", hash = "sha256:a111698b4a3f8dcbe54c64a7708f049355abd603e619013c346553c1fd4ca90b" },
    { url = "http://mirrors.aliyun.com/pypi/packages/29/8c/2a0cf86a59558fa078d83805589c2de490f29ed4fb336c14313a161d358a/numpy-2.4.3-cp314-cp314-macosx_14_0_x86_64.whl", hash = "sha256:4bd4741a6a676770e0e97fe9ab2e51de01183df3dcbcec591d26d331a40de950" },
    { url = "http://mirrors.aliyun.com/pypi/packages/aa/b8/612ce010c0728b1c363fa4ea3aa4c22fe1c5da1de008486f8c2f5cb92fae/numpy-2.4.3-cp314-cp314-manylinux_2_27_aarch64.manylinux_2_28_aarch64.whl", hash = "sha256:54f29b877279d51e210e0c80709ee14ccbbad647810e8f3d375561c45ef613dd" },
    { url = "http://mirrors.aliyun.com/pypi/packages/a9/7e/4f120ecc54ba26ddf3dc348eeb9eb063f421de65c05fc961941798feea18/numpy-2.4.3-cp314-cp314-manylinux_2_27_x86_64.manylinux_2_28_x86_64.whl", hash = "sha256:679f2a834bae9020f81534671c56fd0cc76dd7e5182f57131478e23d0dc59e24" },
    { url = "http://mirrors.aliyun.com/pypi/packages/2c/86/1b6020db73be330c4b45d5c6ee4295d59cfeef0e3ea323959d053e5a6909/numpy-2.4.3-cp314-cp314-musllinux_1_2_aarch64.whl", hash = "sha256:d84f0f881cb2225c2dfd7f78a10a5645d487a496c6668d6cc39f0f114164f3d0" },
    { url = "http://mirrors.aliyun.com/pypi/packages/07/3a/3b90463bf41ebc21d1b7e06079f03070334374208c0f9a1f05e4ae8455e7/numpy-2.4.3-cp314-cp314-musllinux_1_2_x86_64.whl", hash = "sha256:d213c7e6e8d211888cc359bab7199670a00f5b82c0978b9d1c75baf1eddbeac0" },
    { url = "http://mirrors.aliyun.com/pypi/packages/a8/74/6d736c4cd962259fd8bae9be27363eb4883a2f9069763747347544c2a487/numpy-2.4.3-cp314-cp314-win32.whl", hash = "sha256:52077feedeff7c76ed7c9f1a0428558e50825347b7545bbb8523da2cd55c547a" },
    { url = "http://mirrors.aliyun.com/pypi/packages/48/39/c56ef87af669364356bb011922ef0734fc49dad51964568634c72a009488/numpy-2.4.3-cp314-cp314-win_amd64.whl", hash = "sha256:0448e7f9caefb34b4b7dd2b77f21e8906e5d6f0365ad525f9f4f530b13df2afc" },
    { url = "http://mirrors.aliyun.com/pypi/packages/9d/1f/ab8528e38d295fd349310807496fabb7cf9fe2e1f70b97bc20a483ea9d4a/numpy-2.4.3-cp314-cp314-win_arm64.whl", hash = "sha256:b44fd60341c4d9783039598efadd03617fa28d041fc37d22b62d08f2027fa0e7" },
    { url = "http://mirrors.aliyun.com/pypi/packages/e6/ef/b7c35e4d5ef141b836658ab21a66d1a573e15b335b1d111d31f26c8ef80f/numpy-2.4.3-cp314-cp314t-macosx_11_0_arm64.whl", hash = "sha256:0a195f4216be9305a73c0e91c9b026a35f2161237cf1c6de9b681637772ea657" },
    { url = "http://mirrors.aliyun.com/pypi/packages/cd/8d/7730fa9278cf6648639946cc816e7cc89f0d891602584697923375f801ed/numpy-2.4.3-cp314-cp314t-macosx_14_0_arm64.whl", hash = "sha256:cd32fbacb9fd1bf041bf8e89e4576b6f00b895f06d00914820ae06a616bdfef7" },
    { url = "http://mirrors.aliyun.com/pypi/packages/47/01/d2a137317c958b074d338807c1b6a383406cdf8b8e53b075d804cc3d211d/numpy-2.4.3-cp314-cp314t-macosx_14_0_x86_64.whl", hash = "sha256:2e03c05abaee1f672e9d67bc858f300b5ccba1c21397211e8d77d98350972093" },
    { url = "http://mirrors.aliyun.com/pypi/packages/5c/34/812ce12bc0f00272a4b0ec0d713cd237cb390666eb6206323d1cc9cedbb2/numpy-2.4.3-cp314-cp314t-manylinux_2_27_aarch64.manylinux_2_28_aarch64.whl", hash = "sha256:7d1ce23cce91fcea443320a9d0ece9b9305d4368875bab09538f7a5b4131938a" },
    { url = "http://mirrors.aliyun.com/pypi/packages/25/c0/2aed473a4823e905e765fee3dc2cbf504bd3e68ccb1150fbdabd5c39f527/numpy-2.4.3-cp314-cp314t-manylinux_2_27_x86_64.manylinux_2_28_x86_64.whl", hash = "sha256:c59020932feb24ed49ffd03704fbab89f22aa9c0d4b180ff45542fe8918f5611" },
    { url = "http://mirrors.aliyun.com/pypi/packages/f2/c8/7e052b2fc87aa0e86de23f20e2c42bd261c624748aa8efd2c78f7bb8d8c6/numpy-2.4.3-cp314-cp314t-musllinux_1_2_aarch64.whl", hash = "sha256:9684823a78a6cd6ad7511fc5e25b07947d1d5b5e2812c93fe99d7d4195130720" },
    { url = "http://mirrors.aliyun.com/pypi/packages/f3/3d/0876746044db2adcb11549f214d104f2e1be00f07a67edbb4e2812094847/numpy-2.4.3-cp314-cp314t-musllinux_1_2_x86_64.whl", hash = "sha256:0200b25c687033316fb39f0ff4e3e690e8957a2c3c8d22499891ec58c37a3eb5" },
    { url = "http://mirrors.aliyun.com/pypi/packages/07/12/8160bea39da3335737b10308df4f484235fd297f556745f13092aa039d3b/numpy-2.4.3-cp314-cp314t-win32.whl", hash = "sha256:5e10da9e93247e554bb1d22f8edc51847ddd7dde52d85ce31024c1b4312bfba0" },
    { url = "http://mirrors.aliyun.com/pypi/packages/42/f3/76534f61f80d74cc9cdf2e570d3d4eeb92c2280a27c39b0aaf471eda7b48/numpy-2.4.3-cp314-cp314t-win_amd64.whl", hash = "sha256:45f003dbdffb997a03da2d1d0cb41fbd24a87507fb41605c0420a3db5bd4667b" },
    { url = "http://mirrors.aliyun.com/pypi/packages/1f/b6/7c0d4334c15983cec7f92a69e8ce9b1e6f31857e5ee3a413ac424e6bd63d/numpy-2.4.3-cp314-cp314t-win_arm64.whl", hash = "sha256:4d382735cecd7bcf090172489a525cd7d4087bc331f7df9f60ddc9a296cf208e" },
]

[[package]]
name = "openpyxl"
version = "3.1.5"
source = { registry = "http://mirrors.aliyun.com/pypi/simple/" }
dependencies = [
    { name = "et-xmlfile" },
]
sdist = { url = "http://mirrors.aliyun.com/pypi/packages/3d/f9/88d94a75de065ea32619465d2f77b29a0469500e99012523b91cc4141cd1/openpyxl-3.1.5.tar.gz", hash = "sha256:cf0e3cf56142039133628b5acffe8ef0c12bc902d2aadd3e0fe5878dc08d1050" }
wheels = [
    { url = "http://mirrors.aliyun.com/pypi/packages/c0/da/977ded879c29cbd04de313843e76868e6e13408a94ed6b987245dc7c8506/openpyxl-3.1.5-py2.py3-none-any.whl", hash = "sha256:5282c12b107bffeef825f4617dc029afaf41d0ea60823bbb665ef3079dc79de2" },
]

[[package]]
name = "pandas"
version = "3.0.1"
source = { registry = "http://mirrors.aliyun.com/pypi/simple/" }
dependencies = [
    { name = "numpy" },
    { name = "python-dateutil" },
    { name = "tzdata", marker = "sys_platform == 'emscripten' or sys_platform == 'win32'" },
]
sdist = { url = "http://mirrors.aliyun.com/pypi/packages/2e/0c/b28ed414f080ee0ad153f848586d61d1878f91689950f037f976ce15f6c8/pandas-3.0.1.tar.gz", hash = "sha256:4186a699674af418f655dbd420ed87f50d56b4cd6603784279d9eef6627823c8" }
wheels = [
    { url = "http://mirrors.aliyun.com/pypi/packages/bb/8b/4bb774a998b97e6c2fd62a9e6cfdaae133b636fd1c468f92afb4ae9a447a/pandas-3.0.1-cp314-cp314-macosx_10_15_x86_64.whl", hash = "sha256:99d0f92ed92d3083d140bf6b97774f9f13863924cf3f52a70711f4e7588f9d0a" },
    { url = "http://mirrors.aliyun.com/pypi/packages/72/3a/5b39b51c64159f470f1ca3b1c2a87da290657ca022f7cd11442606f607d1/pandas-3.0.1-cp314-cp314-macosx_11_0_arm64.whl", hash = "sha256:3b66857e983208654294bb6477b8a63dee26b37bdd0eb34d010556e91261784f" },
    { url = "http://mirrors.aliyun.com/pypi/packages/4e/f7/b449ffb3f68c11da12fc06fbf6d2fa3a41c41e17d0284d23a79e1c13a7e4/pandas-3.0.1-cp314-cp314-manylinux_2_24_aarch64.manylinux_2_28_aarch64.whl", hash = "sha256:56cf59638bf24dc9bdf2154c81e248b3289f9a09a6d04e63608c159022352749" },
    { url = "http://mirrors.aliyun.com/pypi/packages/55/77/6ea82043db22cb0f2bbfe7198da3544000ddaadb12d26be36e19b03a2dc5/pandas-3.0.1-cp314-cp314-manylinux_2_24_x86_64.manylinux_2_28_x86_64.whl", hash = "sha256:c1a9f55e0f46951874b863d1f3906dcb57df2d9be5c5847ba4dfb55b2c815249" },
    { url = "http://mirrors.aliyun.com/pypi/packages/03/30/f1b502a72468c89412c1b882a08f6eed8a4ee9dc033f35f65d0663df6081/pandas-3.0.1-cp314-cp314-musllinux_1_2_aarch64.whl", hash = "sha256:1849f0bba9c8a2fb0f691d492b834cc8dadf617e29015c66e989448d58d011ee" },
    { url = "http://mirrors.aliyun.com/pypi/packages/0d/f0/ebb6ddd8fc049e98cabac5c2924d14d1dda26a20adb70d41ea2e428d3ec4/pandas-3.0.1-cp314-cp314-musllinux_1_2_x86_64.whl", hash = "sha256:c3d288439e11b5325b02ae6e9cc83e6805a62c40c5a6220bea9beb899c073b1c" },
    { url = "http://mirrors.aliyun.com/pypi/packages/09/f8/8ce132104074f977f907442790eaae24e27bce3b3b454e82faa3237ff098/pandas-3.0.1-cp314-cp314-win_amd64.whl", hash = "sha256:93325b0fe372d192965f4cca88d97667f49557398bbf94abdda3bf1b591dbe66" },
    { url = "http://mirrors.aliyun.com/pypi/packages/e6/b7/6af9aac41ef2456b768ef0ae60acf8abcebb450a52043d030a65b4b7c9bd/pandas-3.0.1-cp314-cp314-win_arm64.whl", hash = "sha256:97ca08674e3287c7148f4858b01136f8bdfe7202ad25ad04fec602dd1d29d132" },
    { url = "http://mirrors.aliyun.com/pypi/packages/66/fc/848bb6710bc6061cb0c5badd65b92ff75c81302e0e31e496d00029fe4953/pandas-3.0.1-cp314-cp314t-macosx_10_15_x86_64.whl", hash = "sha256:58eeb1b2e0fb322befcf2bbc9ba0af41e616abadb3d3414a6bc7167f6cbfce32" },
    { url = "http://mirrors.aliyun.com/pypi/packages/69/5c/866a9bbd0f79263b4b0db6ec1a341be13a1473323f05c122388e0f15b21d/pandas-3.0.1-cp314-cp314t-macosx_11_0_arm64.whl", hash = "sha256:cd9af1276b5ca9e298bd79a26bda32fa9cc87ed095b2a9a60978d2ca058eaf87" },
    { url = "http://mirrors.aliyun.com/pypi/packages/51/a4/2058fb84fb1cfbfb2d4a6d485e1940bb4ad5716e539d779852494479c580/pandas-3.0.1-cp314-cp314t-manylinux_2_24_aarch64.manylinux_2_28_aarch64.whl", hash = "sha256:94f87a04984d6b63788327cd9f79dda62b7f9043909d2440ceccf709249ca988" },
    { url = "http://mirrors.aliyun.com/pypi/packages/22/1b/674e89996cc4be74db3c4eb09240c4bb549865c9c3f5d9b086ff8fcfbf00/pandas-3.0.1-cp314-cp314t-manylinux_2_24_x86_64.manylinux_2_28_x86_64.whl", hash = "sha256:85fe4c4df62e1e20f9db6ebfb88c844b092c22cd5324bdcf94bfa2fc1b391221" },
    { url = "http://mirrors.aliyun.com/pypi/packages/d0/f8/e954b750764298c22fa4614376531fe63c521ef517e7059a51f062b87dca/pandas-3.0.1-cp314-cp314t-musllinux_1_2_aarch64.whl", hash = "sha256:331ca75a2f8672c365ae25c0b29e46f5ac0c6551fdace8eec4cd65e4fac271ff" },
    { url = "http://mirrors.aliyun.com/pypi/packages/6d/02/c6e04b694ffd68568297abd03588b6d30295265176a5c01b7459d3bc35a3/pandas-3.0.1-cp314-cp314t-musllinux_1_2_x86_64.whl", hash = "sha256:15860b1fdb1973fffade772fdb931ccf9b2f400a3f5665aef94a00445d7d8dd5" },
    { url = "http://mirrors.aliyun.com/pypi/packages/89/41/d7dfb63d2407f12055215070c42fc6ac41b66e90a2946cdc5e759058398b/pandas-3.0.1-cp314-cp314t-win_amd64.whl", hash = "sha256:44f1364411d5670efa692b146c748f4ed013df91ee91e9bec5677fb1fd58b937" },
    { url = "http://mirrors.aliyun.com/pypi/packages/68/b0/34937815889fa982613775e4b97fddd13250f11012d769949c5465af2150/pandas-3.0.1-cp314-cp314t-win_arm64.whl", hash = "sha256:108dd1790337a494aa80e38def654ca3f0968cf4f362c85f44c15e471667102d" },
]

[[package]]
name = "python-dateutil"
version = "2.9.0.post0"
source = { registry = "http://mirrors.aliyun.com/pypi/simple/" }
dependencies = [
    { name = "six" },
]
sdist = { url = "http://mirrors.aliyun.com/pypi/packages/66/c0/0c8b6ad9f17a802ee498c46e004a0eb49bc148f2fd230864601a86dcf6db/python-dateutil-2.9.0.post0.tar.gz", hash = "sha256:37dd54208da7e1cd875388217d5e00ebd4179249f90fb72437e91a35459a0ad3" }
wheels = [
    { url = "http://mirrors.aliyun.com/pypi/packages/ec/57/56b9bcc3c9c6a792fcbaf139543cee77261f3651ca9da0c93f5c1221264b/python_dateutil-2.9.0.post0-py2.py3-none-any.whl", hash = "sha256:a8b2bc7bffae282281c8140a97d3aa9c14da0b136dfe83f850eea9a5f7470427" },
]

[[package]]
name = "requests"
version = "2.32.5"
source = { registry = "http://mirrors.aliyun.com/pypi/simple/" }
dependencies = [
    { name = "certifi" },
    { name = "charset-normalizer" },
    { name = "idna" },
    { name = "urllib3" },
]
sdist = { url = "http://mirrors.aliyun.com/pypi/packages/c9/74/b3ff8e6c8446842c3f5c837e9c3dfcfe2018ea6ecef224c710c85ef728f4/requests-2.32.5.tar.gz", hash = "sha256:dbba0bac56e100853db0ea71b82b4dfd5fe2bf6d3754a8893c3af500cec7d7cf" }
wheels = [
    { url = "http://mirrors.aliyun.com/pypi/packages/1e/db/4254e3eabe8020b458f1a747140d32277ec7a271daf1d235b70dc0b4e6e3/requests-2.32.5-py3-none-any.whl", hash = "sha256:2462f94637a34fd532264295e186976db0f5d453d1cdd31473c85a6a161affb6" },
]

[[package]]
name = "schedule"
version = "1.2.2"
source = { registry = "http://mirrors.aliyun.com/pypi/simple/" }
sdist = { url = "http://mirrors.aliyun.com/pypi/packages/0c/91/b525790063015759f34447d4cf9d2ccb52cdee0f1dd6ff8764e863bcb74c/schedule-1.2.2.tar.gz", hash = "sha256:15fe9c75fe5fd9b9627f3f19cc0ef1420508f9f9a46f45cd0769ef75ede5f0b7" }
wheels = [
    { url = "http://mirrors.aliyun.com/pypi/packages/20/a7/84c96b61fd13205f2cafbe263cdb2745965974bdf3e0078f121dfeca5f02/schedule-1.2.2-py3-none-any.whl", hash = "sha256:5bef4a2a0183abf44046ae0d164cadcac21b1db011bdd8102e4a0c1e91e06a7d" },
]

[[package]]
name = "six"
version = "1.17.0"
source = { registry = "http://mirrors.aliyun.com/pypi/simple/" }
sdist = { url = "http://mirrors.aliyun.com/pypi/packages/94/e7/b2c673351809dca68a0e064b6af791aa332cf192da575fd474ed7d6f16a2/six-1.17.0.tar.gz", hash = "sha256:ff70335d468e7eb6ec65b95b99d3a2836546063f63acc5171de367e834932a81" }
wheels = [
    { url = "http://mirrors.aliyun.com/pypi/packages/b7/ce/149a00dd41f10bc29e5921b496af8b574d8413afcd5e30dfa0ed46c2cc5e/six-1.17.0-py2.py3-none-any.whl", hash = "sha256:4721f391ed90541fddacab5acf947aa0d3dc7d27b2e1e8eda2be8970586c3274" },
]

[[package]]
name = "soupsieve"
version = "2.8.3"
source = { registry = "http://mirrors.aliyun.com/pypi/simple/" }
sdist = { url = "http://mirrors.aliyun.com/pypi/packages/7b/ae/2d9c981590ed9999a0d91755b47fc74f74de286b0f5cee14c9269041e6c4/soupsieve-2.8.3.tar.gz", hash = "sha256:3267f1eeea4251fb42728b6dfb746edc9acaffc4a45b27e19450b676586e8349" }
wheels = [
    { url = "http://mirrors.aliyun.com/pypi/packages/46/2c/1462b1d0a634697ae9e55b3cecdcb64788e8b7d63f54d923fcd0bb140aed/soupsieve-2.8.3-py3-none-any.whl", hash = "sha256:ed64f2ba4eebeab06cc4962affce381647455978ffc1e36bb79a545b91f45a95" },
]

[[package]]
name = "typing-extensions"
version = "4.15.0"
source = { registry = "http://mirrors.aliyun.com/pypi/simple/" }
sdist = { url = "http://mirrors.aliyun.com/pypi/packages/72/94/1a15dd82efb362ac84269196e94cf00f187f7ed21c242792a923cdb1c61f/typing_extensions-4.15.0.tar.gz", hash = "sha256:0cea48d173cc12fa28ecabc3b837ea3cf6f38c6d1136f85cbaaf598984861466" }
wheels = [
    { url = "http://mirrors.aliyun.com/pypi/packages/18/67/36e9267722cc04a6b9f15c7f3441c2363321a3ea07da7ae0c0707beb2a9c/typing_extensions-4.15.0-py3-none-any.whl", hash = "sha256:f0fa19c6845758ab08074a0cfa8b7aecb71c999ca73d62883bc25cc018c4e548" },
]

[[package]]
name = "tzdata"
version = "2025.3"
source = { registry = "http://mirrors.aliyun.com/pypi/simple/" }
sdist = { url = "http://mirrors.aliyun.com/pypi/packages/5e/a7/c202b344c5ca7daf398f3b8a477eeb205cf3b6f32e7ec3a6bac0629ca975/tzdata-2025.3.tar.gz", hash = "sha256:de39c2ca5dc7b0344f2eba86f49d614019d29f060fc4ebc8a417896a620b56a7" }
wheels = [
    { url = "http://mirrors.aliyun.com/pypi/packages/c7/b0/003792df09decd6849a5e39c28b513c06e84436a54440380862b5aeff25d/tzdata-2025.3-py2.py3-none-any.whl", hash = "sha256:06a47e5700f3081aab02b2e513160914ff0694bce9947d6b76ebd6bf57cfc5d1" },
]

[[package]]
name = "urllib3"
version = "2.6.3"
source = { registry = "http://mirrors.aliyun.com/pypi/simple/" }
sdist = { url = "http://mirrors.aliyun.com/pypi/packages/c7/24/5f1b3bdffd70275f6661c76461e25f024d5a38a46f04aaca912426a2b1d3/urllib3-2.6.3.tar.gz", hash = "sha256:1b62b6884944a57dbe321509ab94fd4d3b307075e0c2eae991ac71ee15ad38ed" }
wheels = [
    { url = "http://mirrors.aliyun.com/pypi/packages/39/08/aaaad47bc4e9dc8c725e68f9d04865dbcb2052843ff09c97b08904852d84/urllib3-2.6.3-py3-none-any.whl", hash = "sha256:bf272323e553dfb2e87d9bfd225ca7b0f467b919d7bbd355436d3fd37cb0acd4" },
]

[[package]]
name = "websocket-client"
version = "1.9.0"
source = { registry = "http://mirrors.aliyun.com/pypi/simple/" }
sdist = { url = "http://mirrors.aliyun.com/pypi/packages/2c/41/aa4bf9664e4cda14c3b39865b12251e8e7d239f4cd0e3cc1b6c2ccde25c1/websocket_client-1.9.0.tar.gz", hash = "sha256:9e813624b6eb619999a97dc7958469217c3176312b3a16a4bd1bc7e08a46ec98" }
wheels = [
    { url = "http://mirrors.aliyun.com/pypi/packages/34/db/b10e48aa8fff7407e67470363eac595018441cf32d5e1001567a7aeba5d2/websocket_client-1.9.0-py3-none-any.whl", hash = "sha256:af248a825037ef591efbf6ed20cc5faa03d3b47b9e5a2230a529eeee1c1fc3ef" },
]

[[package]]
name = "wot-plugin"
version = "0.1.0"
source = { virtual = "." }
dependencies = [
    { name = "bs4" },
    { name = "html2image" },
    { name = "jinja2" },
    { name = "openpyxl" },
    { name = "pandas" },
    { name = "requests" },
    { name = "schedule" },
]

[package.metadata]
requires-dist = [
    { name = "bs4", specifier = ">=0.0.2" },
    { name = "html2image", specifier = ">=2.0.7" },
    { name = "jinja2", specifier = ">=3.1.6" },
    { name = "openpyxl", specifier = ">=3.1.5" },
    { name = "pandas", specifier = ">=2.3.3" },
    { name = "requests", specifier = ">=2.32.5" },
    { name = "schedule", specifier = ">=1.2.2" },
]
